
Microsoft Visual Studio Solution File, Format Version 12.00
# Visual Studio Version 16
VisualStudioVersion = 16.0.34601.136
MinimumVisualStudioVersion = 10.0.40219.1
Project("{FAE04EC0-301F-11D3-BF4B-00C04F79EFBC}") = "Tarea3.01", "Tarea3.01\Tarea3.01.csproj", "{CFB2A59A-B216-4EA4-9ADA-D16E187A5BC7}"
EndProject
Global
	GlobalSection(SolutionConfigurationPlatforms) = preSolution
		Debug|Any CPU = Debug|Any CPU
		Release|Any CPU = Release|Any CPU
	EndGlobalSection
	GlobalSection(ProjectConfigurationPlatforms) = postSolution
		{CFB2A59A-B216-4EA4-9ADA-D16E187A5BC7}.Debug|Any CPU.ActiveCfg = Debug|Any CPU
		{CFB2A59A-B216-4EA4-9ADA-D16E187A5BC7}.Debug|Any CPU.Build.0 = Debug|Any CPU
		{CFB2A59A-B216-4EA4-9ADA-D16E187A5BC7}.Release|Any CPU.ActiveCfg = Release|Any CPU
		{CFB2A59A-B216-4EA4-9ADA-D16E187A5BC7}.Release|Any CPU.Build.0 = Release|Any CPU
	EndGlobalSection
	GlobalSection(SolutionProperties) = preSolution
		HideSolutionNode = FALSE
	EndGlobalSection
	GlobalSection(ExtensibilityGlobals) = postSolution
		SolutionGuid = {42D5D01D-1794-4EEC-BA6D-3B4EF541C89B}
	EndGlobalSection
EndGlobal
